id: ad2_AD2_AnalogOut_Play_f
label: AD2 AnalogOut Play Sink
category: '[AnalogDiscovery2]'

templates:
  imports: import ad2
  make: ad2.AD2_AnalogOut_Play_f(${channel}, ${amplituide}, ${rate} , ${n_samples})

parameters:
- id: channel
  label: Channel
  dtype: int
- id: amplituide
  label: Amplituide
  dtype: float
- id: rate
  label: Rate Hz
  dtype: int
- id: n_samples
  label: Buffer Size
  dtype: int

inputs:
- domain: stream
  dtype: float

file_format: 1

